
Microsoft Visual Studio Solution File, Format Version 12.00
# Visual Studio Version 17
VisualStudioVersion = 17.0.32014.148
MinimumVisualStudioVersion = 10.0.40219.1
Project("{FAE04EC0-301F-11D3-BF4B-00C04F79EFBC}") = "SearchExtension", "SearchExtension\SearchExtension.csproj", "{B77F0CCB-2D66-456F-B573-8387E5BFDDDE}"
EndProject
Global
	GlobalSection(SolutionConfigurationPlatforms) = preSolution
		Debug|Any CPU = Debug|Any CPU
		Debug|x86 = Debug|x86
		Release|Any CPU = Release|Any CPU
		Release|x86 = Release|x86
	EndGlobalSection
	GlobalSection(ProjectConfigurationPlatforms) = postSolution
		{B77F0CCB-2D66-456F-B573-8387E5BFDDDE}.Debug|Any CPU.ActiveCfg = Debug|Any CPU
		{B77F0CCB-2D66-456F-B573-8387E5BFDDDE}.Debug|Any CPU.Build.0 = Debug|Any CPU
		{B77F0CCB-2D66-456F-B573-8387E5BFDDDE}.Debug|x86.ActiveCfg = Debug|x86
		{B77F0CCB-2D66-456F-B573-8387E5BFDDDE}.Debug|x86.Build.0 = Debug|x86
		{B77F0CCB-2D66-456F-B573-8387E5BFDDDE}.Release|Any CPU.ActiveCfg = Release|Any CPU
		{B77F0CCB-2D66-456F-B573-8387E5BFDDDE}.Release|Any CPU.Build.0 = Release|Any CPU
		{B77F0CCB-2D66-456F-B573-8387E5BFDDDE}.Release|x86.ActiveCfg = Release|x86
		{B77F0CCB-2D66-456F-B573-8387E5BFDDDE}.Release|x86.Build.0 = Release|x86
	EndGlobalSection
	GlobalSection(SolutionProperties) = preSolution
		HideSolutionNode = FALSE
	EndGlobalSection
	GlobalSection(ExtensibilityGlobals) = postSolution
		SolutionGuid = {C4F65EB0-5670-48D2-8DDD-5B6AD40E4A13}
	EndGlobalSection
EndGlobal
